// !$*UTF8*$!
{
	archiveVersion = 1;
	classes = {
	};
	objectVersion = 77;
	objects = {

/* Begin PBXBuildFile section */
		066EB3E6129DE40074993A12 /* AnimationSheetTests.swift in Sources */ = {isa = PBXBuildFile; fileRef = B630E5E1B70E8ACA9A4E4EC9 /* AnimationSheetTests.swift */; };
		06B58B6112FCD9B87FE9216C /* HotKeyManager.swift in Sources */ = {isa = PBXBuildFile; fileRef = 32703AEC9E57E5A9631C4CC9 /* HotKeyManager.swift */; };
		16E064C71B93D9FA5E09C6B4 /* StatusItemController.swift in Sources */ = {isa = PBXBuildFile; fileRef = 4440F2428855F63711150A59 /* StatusItemController.swift */; };
		184B8686EDDA5E00BCB02185 /* TortoiseAnimatorTests.swift in Sources */ = {isa = PBXBuildFile; fileRef = E762FF1A7126DADBC7C35013 /* TortoiseAnimatorTests.swift */; };
		1F3080BECB450B67786ABCE7 /* AnimationSheetRenderer.swift in Sources */ = {isa = PBXBuildFile; fileRef = B16D282BE9DA1731CEB858D7 /* AnimationSheetRenderer.swift */; };
		22710D62E359E4FC42B7DC8C /* BannerRenderer.swift in Sources */ = {isa = PBXBuildFile; fileRef = 4C1C81E7DB6EDDF9CEE8B025 /* BannerRenderer.swift */; };
		22712704CD2EA03027EA5AF7 /* TortoiseSpriteTests.swift in Sources */ = {isa = PBXBuildFile; fileRef = C83F3E0404BDFCA738749A3E /* TortoiseSpriteTests.swift */; };
		2EA5FB94B52CFB9FF52B41C3 /* AppDelegate.swift in Sources */ = {isa = PBXBuildFile; fileRef = 27B31E8A0A38AF8885A661C2 /* AppDelegate.swift */; };
		2F9758B3F3D60DBDEEEE7049 /* TortoiseScene.swift in Sources */ = {isa = PBXBuildFile; fileRef = 17762C3105DB212B1975A543 /* TortoiseScene.swift */; };
		31835B9702E581BF37D0FFB5 /* AnimationSheetRenderer.swift in Sources */ = {isa = PBXBuildFile; fileRef = B16D282BE9DA1731CEB858D7 /* AnimationSheetRenderer.swift */; };
		3D7F28D5AFEB1C1EB8C7FCAA /* PomodoroEngine.swift in Sources */ = {isa = PBXBuildFile; fileRef = B9FD75E91B22A9F3631B2254 /* PomodoroEngine.swift */; };
		3F546715FAC1E7CD71CA4B69 /* OverlayGeometryTests.swift in Sources */ = {isa = PBXBuildFile; fileRef = 5A6CEAB7EDB6CBB4F1C62108 /* OverlayGeometryTests.swift */; };
		476CD991B262A8208F5794C8 /* OverlayVisibilityTests.swift in Sources */ = {isa = PBXBuildFile; fileRef = 163526D103A9595A9F7103A1 /* OverlayVisibilityTests.swift */; };
		4809EF246BD8C2C4BC61B7FD /* BannerRendererTests.swift in Sources */ = {isa = PBXBuildFile; fileRef = DECAECC4BCB78849E2088ED8 /* BannerRendererTests.swift */; };
		48227E5353B1F4A44E548185 /* NotificationManager.swift in Sources */ = {isa = PBXBuildFile; fileRef = BEDF7405B857BC7E424A7FB3 /* NotificationManager.swift */; };
		508BF0D35E65CFD67E4BCA80 /* TortoiseImage.swift in Sources */ = {isa = PBXBuildFile; fileRef = CB992DC234E4C9BE5FD58A88 /* TortoiseImage.swift */; };
		523973EF14C85F8426765659 /* Diagnostics.swift in Sources */ = {isa = PBXBuildFile; fileRef = 3BEF616852BACF1EADB13AD5 /* Diagnostics.swift */; };
		5542F8D3C8C80F7A1D5BF75C /* PixelFont.swift in Sources */ = {isa = PBXBuildFile; fileRef = C3F2DF2D7F5E4A5D4F5C5E02 /* PixelFont.swift */; };
		57E16C5634DBF5AA6C2DC2DD /* PopoverView.swift in Sources */ = {isa = PBXBuildFile; fileRef = 1819DB4F658D2805AF4B3917 /* PopoverView.swift */; };
		67C07D876E2FFDDB123E80E8 /* PixelFont.swift in Sources */ = {isa = PBXBuildFile; fileRef = C3F2DF2D7F5E4A5D4F5C5E02 /* PixelFont.swift */; };
		6B3E79ADAAFCCD38316B79D3 /* OverlayGeometry.swift in Sources */ = {isa = PBXBuildFile; fileRef = 93B1233E1F2E7F942A946375 /* OverlayGeometry.swift */; };
		6D285326062258005981EC9E /* OverlayGeometry.swift in Sources */ = {isa = PBXBuildFile; fileRef = 93B1233E1F2E7F942A946375 /* OverlayGeometry.swift */; };
		6F430C5D89F5640CAA09C559 /* TortoiseImage.swift in Sources */ = {isa = PBXBuildFile; fileRef = CB992DC234E4C9BE5FD58A88 /* TortoiseImage.swift */; };
		7197C7B31AD94E7939C69F86 /* Theme.swift in Sources */ = {isa = PBXBuildFile; fileRef = 2817957BDB3A1B0BAC648229 /* Theme.swift */; };
		81C16952ACA48C1CB184B8B7 /* OverlayVisibility.swift in Sources */ = {isa = PBXBuildFile; fileRef = 0101A105FBBBFF39831D101A /* OverlayVisibility.swift */; };
		84FA44731813521A20F58102 /* TortoiseAnimator.swift in Sources */ = {isa = PBXBuildFile; fileRef = D4BF37A817526AB0F759742C /* TortoiseAnimator.swift */; };
		86BF05B206B3597781FDE212 /* TortoisePose.swift in Sources */ = {isa = PBXBuildFile; fileRef = 4F8892C1CF1E5FCAA9B75EBF /* TortoisePose.swift */; };
		97ADC678A4A8BFDB459E7FE9 /* TortoiseRenderingTests.swift in Sources */ = {isa = PBXBuildFile; fileRef = DB5D684E1108D55E5EB44E2F /* TortoiseRenderingTests.swift */; };
		981DC5CC62E2A18D044F6146 /* TortoiseScene.swift in Sources */ = {isa = PBXBuildFile; fileRef = 17762C3105DB212B1975A543 /* TortoiseScene.swift */; };
		ABF38B8510281127C0F03F49 /* TortoisePose.swift in Sources */ = {isa = PBXBuildFile; fileRef = 4F8892C1CF1E5FCAA9B75EBF /* TortoisePose.swift */; };
		AC4357F49CE1AF47312916BA /* main.swift in Sources */ = {isa = PBXBuildFile; fileRef = FC2292D6F8F11191262E39B2 /* main.swift */; };
		C1BA717ED7B4EAEA27AF9036 /* TortoiseAnimator.swift in Sources */ = {isa = PBXBuildFile; fileRef = D4BF37A817526AB0F759742C /* TortoiseAnimator.swift */; };
		C4ECF07E308F0A4BF81ADB2D /* AppIconRenderer.swift in Sources */ = {isa = PBXBuildFile; fileRef = 318EA5833BE205A94B2D1A7C /* AppIconRenderer.swift */; };
		C6497D469921026E69580886 /* PomodoroEngine.swift in Sources */ = {isa = PBXBuildFile; fileRef = B9FD75E91B22A9F3631B2254 /* PomodoroEngine.swift */; };
		C6CDCC99D83FCCB5E55153FF /* PomodoroEngineTests.swift in Sources */ = {isa = PBXBuildFile; fileRef = 54DE9F15ED84A16AC8F3B757 /* PomodoroEngineTests.swift */; };
		C8B78462FA7DC0B2BA2A681B /* PNGDecoding.swift in Sources */ = {isa = PBXBuildFile; fileRef = 9D15A31978DEB375601E50C8 /* PNGDecoding.swift */; };
		CC01927E3243570484B95532 /* OverlayWindow.swift in Sources */ = {isa = PBXBuildFile; fileRef = E2CD19F58EA035CA2F4C62F9 /* OverlayWindow.swift */; };
		CD3D0504530234DC7F0160E6 /* OverlayVisibility.swift in Sources */ = {isa = PBXBuildFile; fileRef = 0101A105FBBBFF39831D101A /* OverlayVisibility.swift */; };
		CDB89F8810386586727505CB /* TortoiseSprite.swift in Sources */ = {isa = PBXBuildFile; fileRef = BC616CA010E73AA5BF33FDFC /* TortoiseSprite.swift */; };
		D9B6FD350BD5D0913F7E12C1 /* BannerRenderer.swift in Sources */ = {isa = PBXBuildFile; fileRef = 4C1C81E7DB6EDDF9CEE8B025 /* BannerRenderer.swift */; };
		E575FAADC08D8DBBA69001D7 /* TortoiseOverlayView.swift in Sources */ = {isa = PBXBuildFile; fileRef = C038FAC6742E1764BFB0053C /* TortoiseOverlayView.swift */; };
		E60F0B1862A824206E903665 /* PixelFontTests.swift in Sources */ = {isa = PBXBuildFile; fileRef = 61038863D239B3B5D5A3219C /* PixelFontTests.swift */; };
		FAFC033089C91609CDE0DF32 /* TortoiseSprite.swift in Sources */ = {isa = PBXBuildFile; fileRef = BC616CA010E73AA5BF33FDFC /* TortoiseSprite.swift */; };
/* End PBXBuildFile section */

/* Begin PBXFileReference section */
		0101A105FBBBFF39831D101A /* OverlayVisibility.swift */ = {isa = PBXFileReference; lastKnownFileType = sourcecode.swift; path = OverlayVisibility.swift; sourceTree = "<group>"; };
		163526D103A9595A9F7103A1 /* OverlayVisibilityTests.swift */ = {isa = PBXFileReference; lastKnownFileType = sourcecode.swift; path = OverlayVisibilityTests.swift; sourceTree = "<group>"; };
		17762C3105DB212B1975A543 /* TortoiseScene.swift */ = {isa = PBXFileReference; lastKnownFileType = sourcecode.swift; path = TortoiseScene.swift; sourceTree = "<group>"; };
		1819DB4F658D2805AF4B3917 /* PopoverView.swift */ = {isa = PBXFileReference; lastKnownFileType = sourcecode.swift; path = PopoverView.swift; sourceTree = "<group>"; };
		27B31E8A0A38AF8885A661C2 /* AppDelegate.swift */ = {isa = PBXFileReference; lastKnownFileType = sourcecode.swift; path = AppDelegate.swift; sourceTree = "<group>"; };
		2817957BDB3A1B0BAC648229 /* Theme.swift */ = {isa = PBXFileReference; lastKnownFileType = sourcecode.swift; path = Theme.swift; sourceTree = "<group>"; };
		318EA5833BE205A94B2D1A7C /* AppIconRenderer.swift */ = {isa = PBXFileReference; lastKnownFileType = sourcecode.swift; path = AppIconRenderer.swift; sourceTree = "<group>"; };
		32703AEC9E57E5A9631C4CC9 /* HotKeyManager.swift */ = {isa = PBXFileReference; lastKnownFileType = sourcecode.swift; path = HotKeyManager.swift; sourceTree = "<group>"; };
		3BEF616852BACF1EADB13AD5 /* Diagnostics.swift */ = {isa = PBXFileReference; lastKnownFileType = sourcecode.swift; path = Diagnostics.swift; sourceTree = "<group>"; };
		4440F2428855F63711150A59 /* StatusItemController.swift */ = {isa = PBXFileReference; lastKnownFileType = sourcecode.swift; path = StatusItemController.swift; sourceTree = "<group>"; };
		4C1C81E7DB6EDDF9CEE8B025 /* BannerRenderer.swift */ = {isa = PBXFileReference; lastKnownFileType = sourcecode.swift; path = BannerRenderer.swift; sourceTree = "<group>"; };
		4F8892C1CF1E5FCAA9B75EBF /* TortoisePose.swift */ = {isa = PBXFileReference; lastKnownFileType = sourcecode.swift; path = TortoisePose.swift; sourceTree = "<group>"; };
		54DE9F15ED84A16AC8F3B757 /* PomodoroEngineTests.swift */ = {isa = PBXFileReference; lastKnownFileType = sourcecode.swift; path = PomodoroEngineTests.swift; sourceTree = "<group>"; };
		5A6CEAB7EDB6CBB4F1C62108 /* OverlayGeometryTests.swift */ = {isa = PBXFileReference; lastKnownFileType = sourcecode.swift; path = OverlayGeometryTests.swift; sourceTree = "<group>"; };
		61038863D239B3B5D5A3219C /* PixelFontTests.swift */ = {isa = PBXFileReference; lastKnownFileType = sourcecode.swift; path = PixelFontTests.swift; sourceTree = "<group>"; };
		7C57D59AF43C4C6B09F8D842 /* TomodoroTests.xctest */ = {isa = PBXFileReference; explicitFileType = wrapper.cfbundle; includeInIndex = 0; path = TomodoroTests.xctest; sourceTree = BUILT_PRODUCTS_DIR; };
		93B1233E1F2E7F942A946375 /* OverlayGeometry.swift */ = {isa = PBXFileReference; lastKnownFileType = sourcecode.swift; path = OverlayGeometry.swift; sourceTree = "<group>"; };
		9D15A31978DEB375601E50C8 /* PNGDecoding.swift */ = {isa = PBXFileReference; lastKnownFileType = sourcecode.swift; path = PNGDecoding.swift; sourceTree = "<group>"; };
		B16D282BE9DA1731CEB858D7 /* AnimationSheetRenderer.swift */ = {isa = PBXFileReference; lastKnownFileType = sourcecode.swift; path = AnimationSheetRenderer.swift; sourceTree = "<group>"; };
		B1F12E299B1C93E66E2E293C /* Signing.xcconfig */ = {isa = PBXFileReference; lastKnownFileType = text.xcconfig; path = Signing.xcconfig; sourceTree = "<group>"; };
		B630E5E1B70E8ACA9A4E4EC9 /* AnimationSheetTests.swift */ = {isa = PBXFileReference; lastKnownFileType = sourcecode.swift; path = AnimationSheetTests.swift; sourceTree = "<group>"; };
		B9FD75E91B22A9F3631B2254 /* PomodoroEngine.swift */ = {isa = PBXFileReference; lastKnownFileType = sourcecode.swift; path = PomodoroEngine.swift; sourceTree = "<group>"; };
		BC616CA010E73AA5BF33FDFC /* TortoiseSprite.swift */ = {isa = PBXFileReference; lastKnownFileType = sourcecode.swift; path = TortoiseSprite.swift; sourceTree = "<group>"; };
		BEDF7405B857BC7E424A7FB3 /* NotificationManager.swift */ = {isa = PBXFileReference; lastKnownFileType = sourcecode.swift; path = NotificationManager.swift; sourceTree = "<group>"; };
		C038FAC6742E1764BFB0053C /* TortoiseOverlayView.swift */ = {isa = PBXFileReference; lastKnownFileType = sourcecode.swift; path = TortoiseOverlayView.swift; sourceTree = "<group>"; };
		C3F2DF2D7F5E4A5D4F5C5E02 /* PixelFont.swift */ = {isa = PBXFileReference; lastKnownFileType = sourcecode.swift; path = PixelFont.swift; sourceTree = "<group>"; };
		C83F3E0404BDFCA738749A3E /* TortoiseSpriteTests.swift */ = {isa = PBXFileReference; lastKnownFileType = sourcecode.swift; path = TortoiseSpriteTests.swift; sourceTree = "<group>"; };
		CB992DC234E4C9BE5FD58A88 /* TortoiseImage.swift */ = {isa = PBXFileReference; lastKnownFileType = sourcecode.swift; path = TortoiseImage.swift; sourceTree = "<group>"; };
		D4BF37A817526AB0F759742C /* TortoiseAnimator.swift */ = {isa = PBXFileReference; lastKnownFileType = sourcecode.swift; path = TortoiseAnimator.swift; sourceTree = "<group>"; };
		DB5D684E1108D55E5EB44E2F /* TortoiseRenderingTests.swift */ = {isa = PBXFileReference; lastKnownFileType = sourcecode.swift; path = TortoiseRenderingTests.swift; sourceTree = "<group>"; };
		DECAECC4BCB78849E2088ED8 /* BannerRendererTests.swift */ = {isa = PBXFileReference; lastKnownFileType = sourcecode.swift; path = BannerRendererTests.swift; sourceTree = "<group>"; };
		E2CD19F58EA035CA2F4C62F9 /* OverlayWindow.swift */ = {isa = PBXFileReference; lastKnownFileType = sourcecode.swift; path = OverlayWindow.swift; sourceTree = "<group>"; };
		E762FF1A7126DADBC7C35013 /* TortoiseAnimatorTests.swift */ = {isa = PBXFileReference; lastKnownFileType = sourcecode.swift; path = TortoiseAnimatorTests.swift; sourceTree = "<group>"; };
		F15EA110931163432125923D /* Tomodoro.app */ = {isa = PBXFileReference; explicitFileType = wrapper.application; includeInIndex = 0; path = Tomodoro.app; sourceTree = BUILT_PRODUCTS_DIR; };
		FC2292D6F8F11191262E39B2 /* main.swift */ = {isa = PBXFileReference; lastKnownFileType = sourcecode.swift; path = main.swift; sourceTree = "<group>"; };
/* End PBXFileReference section */

/* Begin PBXGroup section */
		01A0B59ACCDE21E8FFD0E6FA = {
			isa = PBXGroup;
			children = (
				F4B7CD268362355E561B6D0B /* Configs */,
				C5F7B0543696F2D98023C0DB /* Sources */,
				4957EC2C62A77ACC45ABAC1A /* Tests */,
				6D735BED1BE8FD31FB267AEC /* Products */,
			);
			sourceTree = "<group>";
		};
		4957EC2C62A77ACC45ABAC1A /* Tests */ = {
			isa = PBXGroup;
			children = (
				CA1C2D0CB7ED6775A876D760 /* TomodoroTests */,
			);
			path = Tests;
			sourceTree = "<group>";
		};
		55C38E721B77A56FCFF98E2F /* Core */ = {
			isa = PBXGroup;
			children = (
				93B1233E1F2E7F942A946375 /* OverlayGeometry.swift */,
				0101A105FBBBFF39831D101A /* OverlayVisibility.swift */,
				C3F2DF2D7F5E4A5D4F5C5E02 /* PixelFont.swift */,
				B9FD75E91B22A9F3631B2254 /* PomodoroEngine.swift */,
				D4BF37A817526AB0F759742C /* TortoiseAnimator.swift */,
				4F8892C1CF1E5FCAA9B75EBF /* TortoisePose.swift */,
				17762C3105DB212B1975A543 /* TortoiseScene.swift */,
				BC616CA010E73AA5BF33FDFC /* TortoiseSprite.swift */,
			);
			path = Core;
			sourceTree = "<group>";
		};
		6D735BED1BE8FD31FB267AEC /* Products */ = {
			isa = PBXGroup;
			children = (
				F15EA110931163432125923D /* Tomodoro.app */,
				7C57D59AF43C4C6B09F8D842 /* TomodoroTests.xctest */,
			);
			name = Products;
			sourceTree = "<group>";
		};
		C5F7B0543696F2D98023C0DB /* Sources */ = {
			isa = PBXGroup;
			children = (
				EC0671849814362E80CCC3D1 /* App */,
				55C38E721B77A56FCFF98E2F /* Core */,
				E352D1A9C8AA0118FF35D95E /* UI */,
			);
			path = Sources;
			sourceTree = "<group>";
		};
		CA1C2D0CB7ED6775A876D760 /* TomodoroTests */ = {
			isa = PBXGroup;
			children = (
				B630E5E1B70E8ACA9A4E4EC9 /* AnimationSheetTests.swift */,
				DECAECC4BCB78849E2088ED8 /* BannerRendererTests.swift */,
				5A6CEAB7EDB6CBB4F1C62108 /* OverlayGeometryTests.swift */,
				163526D103A9595A9F7103A1 /* OverlayVisibilityTests.swift */,
				61038863D239B3B5D5A3219C /* PixelFontTests.swift */,
				9D15A31978DEB375601E50C8 /* PNGDecoding.swift */,
				54DE9F15ED84A16AC8F3B757 /* PomodoroEngineTests.swift */,
				E762FF1A7126DADBC7C35013 /* TortoiseAnimatorTests.swift */,
				DB5D684E1108D55E5EB44E2F /* TortoiseRenderingTests.swift */,
				C83F3E0404BDFCA738749A3E /* TortoiseSpriteTests.swift */,
			);
			path = TomodoroTests;
			sourceTree = "<group>";
		};
		E352D1A9C8AA0118FF35D95E /* UI */ = {
			isa = PBXGroup;
			children = (
				1819DB4F658D2805AF4B3917 /* PopoverView.swift */,
				2817957BDB3A1B0BAC648229 /* Theme.swift */,
				C038FAC6742E1764BFB0053C /* TortoiseOverlayView.swift */,
			);
			path = UI;
			sourceTree = "<group>";
		};
		EC0671849814362E80CCC3D1 /* App */ = {
			isa = PBXGroup;
			children = (
				B16D282BE9DA1731CEB858D7 /* AnimationSheetRenderer.swift */,
				27B31E8A0A38AF8885A661C2 /* AppDelegate.swift */,
				318EA5833BE205A94B2D1A7C /* AppIconRenderer.swift */,
				4C1C81E7DB6EDDF9CEE8B025 /* BannerRenderer.swift */,
				3BEF616852BACF1EADB13AD5 /* Diagnostics.swift */,
				32703AEC9E57E5A9631C4CC9 /* HotKeyManager.swift */,
				FC2292D6F8F11191262E39B2 /* main.swift */,
				BEDF7405B857BC7E424A7FB3 /* NotificationManager.swift */,
				E2CD19F58EA035CA2F4C62F9 /* OverlayWindow.swift */,
				4440F2428855F63711150A59 /* StatusItemController.swift */,
				CB992DC234E4C9BE5FD58A88 /* TortoiseImage.swift */,
			);
			path = App;
			sourceTree = "<group>";
		};
		F4B7CD268362355E561B6D0B /* Configs */ = {
			isa = PBXGroup;
			children = (
				B1F12E299B1C93E66E2E293C /* Signing.xcconfig */,
			);
			path = Configs;
			sourceTree = "<group>";
		};
/* End PBXGroup section */

/* Begin PBXNativeTarget section */
		ABA77F23EE8BDDEA77E858A6 /* Tomodoro */ = {
			isa = PBXNativeTarget;
			buildConfigurationList = 8E10B915242CD374C6DC1A8C /* Build configuration list for PBXNativeTarget "Tomodoro" */;
			buildPhases = (
				12AFD79E6042384AC2A65371 /* Sources */,
				0BE9362B716758C62A4FDAF7 /* Generate app icon from the sprite */,
			);
			buildRules = (
			);
			dependencies = (
			);
			name = Tomodoro;
			packageProductDependencies = (
			);
			productName = Tomodoro;
			productReference = F15EA110931163432125923D /* Tomodoro.app */;
			productType = "com.apple.product-type.application";
		};
		D62C1219BAD3517F4D8304B7 /* TomodoroTests */ = {
			isa = PBXNativeTarget;
			buildConfigurationList = CA16E3A83A587E1BF84E8871 /* Build configuration list for PBXNativeTarget "TomodoroTests" */;
			buildPhases = (
				6798FD518B92FCD24224C48A /* Sources */,
			);
			buildRules = (
			);
			dependencies = (
			);
			name = TomodoroTests;
			packageProductDependencies = (
			);
			productName = TomodoroTests;
			productReference = 7C57D59AF43C4C6B09F8D842 /* TomodoroTests.xctest */;
			productType = "com.apple.product-type.bundle.unit-test";
		};
/* End PBXNativeTarget section */

/* Begin PBXProject section */
		899764D2EDC04B69B94CFBE9 /* Project object */ = {
			isa = PBXProject;
			attributes = {
				BuildIndependentTargetsInParallel = YES;
				LastUpgradeCheck = 1430;
				TargetAttributes = {
					ABA77F23EE8BDDEA77E858A6 = {
						ProvisioningStyle = Manual;
					};
				};
			};
			buildConfigurationList = 69DD8B62F611D5AD167BAA92 /* Build configuration list for PBXProject "Tomodoro" */;
			developmentRegion = en;
			hasScannedForEncodings = 0;
			knownRegions = (
				Base,
				en,
			);
			mainGroup = 01A0B59ACCDE21E8FFD0E6FA;
			minimizedProjectReferenceProxies = 1;
			preferredProjectObjectVersion = 77;
			productRefGroup = 6D735BED1BE8FD31FB267AEC /* Products */;
			projectDirPath = "";
			projectRoot = "";
			targets = (
				ABA77F23EE8BDDEA77E858A6 /* Tomodoro */,
				D62C1219BAD3517F4D8304B7 /* TomodoroTests */,
			);
		};
/* End PBXProject section */

/* Begin PBXShellScriptBuildPhase section */
		0BE9362B716758C62A4FDAF7 /* Generate app icon from the sprite */ = {
			isa = PBXShellScriptBuildPhase;
			alwaysOutOfDate = 1;
			buildActionMask = 2147483647;
			files = (
			);
			inputFileListPaths = (
			);
			inputPaths = (
			);
			name = "Generate app icon from the sprite";
			outputFileListPaths = (
			);
			outputPaths = (
			);
			runOnlyForDeploymentPostprocessing = 0;
			shellPath = /bin/sh;
			shellScript = "set -euo pipefail\n# Script phases run before Xcode signs the bundle, and an unsigned\n# Mach-O cannot execute at all on Apple Silicon (the kernel kills it).\n# Sign the executable ad-hoc so it can run; Xcode re-signs the whole\n# bundle afterwards.\nBINARY=\"$TARGET_BUILD_DIR/$EXECUTABLE_PATH\"\ncodesign --force --sign - \"$BINARY\"\nICONSET=\"$DERIVED_FILE_DIR/Tomodoro.iconset\"\nrm -rf \"$ICONSET\"\n\"$BINARY\" --export-iconset \"$ICONSET\"\n\n# The bundle's Resources directory does not exist yet at script time,\n# and iconutil will not create it.\nRESOURCES=\"$TARGET_BUILD_DIR/$UNLOCALIZED_RESOURCES_FOLDER_PATH\"\nmkdir -p \"$RESOURCES\"\niconutil -c icns \"$ICONSET\" -o \"$RESOURCES/AppIcon.icns\"\n";
		};
/* End PBXShellScriptBuildPhase section */

/* Begin PBXSourcesBuildPhase section */
		12AFD79E6042384AC2A65371 /* Sources */ = {
			isa = PBXSourcesBuildPhase;
			buildActionMask = 2147483647;
			files = (
				31835B9702E581BF37D0FFB5 /* AnimationSheetRenderer.swift in Sources */,
				2EA5FB94B52CFB9FF52B41C3 /* AppDelegate.swift in Sources */,
				C4ECF07E308F0A4BF81ADB2D /* AppIconRenderer.swift in Sources */,
				22710D62E359E4FC42B7DC8C /* BannerRenderer.swift in Sources */,
				523973EF14C85F8426765659 /* Diagnostics.swift in Sources */,
				06B58B6112FCD9B87FE9216C /* HotKeyManager.swift in Sources */,
				48227E5353B1F4A44E548185 /* NotificationManager.swift in Sources */,
				6D285326062258005981EC9E /* OverlayGeometry.swift in Sources */,
				81C16952ACA48C1CB184B8B7 /* OverlayVisibility.swift in Sources */,
				CC01927E3243570484B95532 /* OverlayWindow.swift in Sources */,
				5542F8D3C8C80F7A1D5BF75C /* PixelFont.swift in Sources */,
				3D7F28D5AFEB1C1EB8C7FCAA /* PomodoroEngine.swift in Sources */,
				57E16C5634DBF5AA6C2DC2DD /* PopoverView.swift in Sources */,
				16E064C71B93D9FA5E09C6B4 /* StatusItemController.swift in Sources */,
				7197C7B31AD94E7939C69F86 /* Theme.swift in Sources */,
				84FA44731813521A20F58102 /* TortoiseAnimator.swift in Sources */,
				6F430C5D89F5640CAA09C559 /* TortoiseImage.swift in Sources */,
				E575FAADC08D8DBBA69001D7 /* TortoiseOverlayView.swift in Sources */,
				86BF05B206B3597781FDE212 /* TortoisePose.swift in Sources */,
				2F9758B3F3D60DBDEEEE7049 /* TortoiseScene.swift in Sources */,
				FAFC033089C91609CDE0DF32 /* TortoiseSprite.swift in Sources */,
				AC4357F49CE1AF47312916BA /* main.swift in Sources */,
			);
			runOnlyForDeploymentPostprocessing = 0;
		};
		6798FD518B92FCD24224C48A /* Sources */ = {
			isa = PBXSourcesBuildPhase;
			buildActionMask = 2147483647;
			files = (
				1F3080BECB450B67786ABCE7 /* AnimationSheetRenderer.swift in Sources */,
				066EB3E6129DE40074993A12 /* AnimationSheetTests.swift in Sources */,
				D9B6FD350BD5D0913F7E12C1 /* BannerRenderer.swift in Sources */,
				4809EF246BD8C2C4BC61B7FD /* BannerRendererTests.swift in Sources */,
				6B3E79ADAAFCCD38316B79D3 /* OverlayGeometry.swift in Sources */,
				3F546715FAC1E7CD71CA4B69 /* OverlayGeometryTests.swift in Sources */,
				CD3D0504530234DC7F0160E6 /* OverlayVisibility.swift in Sources */,
				476CD991B262A8208F5794C8 /* OverlayVisibilityTests.swift in Sources */,
				C8B78462FA7DC0B2BA2A681B /* PNGDecoding.swift in Sources */,
				67C07D876E2FFDDB123E80E8 /* PixelFont.swift in Sources */,
				E60F0B1862A824206E903665 /* PixelFontTests.swift in Sources */,
				C6497D469921026E69580886 /* PomodoroEngine.swift in Sources */,
				C6CDCC99D83FCCB5E55153FF /* PomodoroEngineTests.swift in Sources */,
				C1BA717ED7B4EAEA27AF9036 /* TortoiseAnimator.swift in Sources */,
				184B8686EDDA5E00BCB02185 /* TortoiseAnimatorTests.swift in Sources */,
				508BF0D35E65CFD67E4BCA80 /* TortoiseImage.swift in Sources */,
				ABF38B8510281127C0F03F49 /* TortoisePose.swift in Sources */,
				97ADC678A4A8BFDB459E7FE9 /* TortoiseRenderingTests.swift in Sources */,
				981DC5CC62E2A18D044F6146 /* TortoiseScene.swift in Sources */,
				CDB89F8810386586727505CB /* TortoiseSprite.swift in Sources */,
				22712704CD2EA03027EA5AF7 /* TortoiseSpriteTests.swift in Sources */,
			);
			runOnlyForDeploymentPostprocessing = 0;
		};
/* End PBXSourcesBuildPhase section */

/* Begin XCBuildConfiguration section */
		1382CBF4A2796BE2C2E929C7 /* Release */ = {
			isa = XCBuildConfiguration;
			buildSettings = {
				BUNDLE_LOADER = "$(TEST_HOST)";
				COMBINE_HIDPI_IMAGES = YES;
				GENERATE_INFOPLIST_FILE = YES;
				LD_RUNPATH_SEARCH_PATHS = (
					"$(inherited)",
					"@executable_path/../Frameworks",
					"@loader_path/../Frameworks",
				);
				PRODUCT_BUNDLE_IDENTIFIER = com.tom.tomodoro.tests;
				SDKROOT = macosx;
				SWIFT_STRICT_CONCURRENCY = minimal;
			};
			name = Release;
		};
		39F9662B492F254E3459E3AC /* Release */ = {
			isa = XCBuildConfiguration;
			buildSettings = {
				ALWAYS_SEARCH_USER_PATHS = NO;
				CLANG_ANALYZER_NONNULL = YES;
				CLANG_ANALYZER_NUMBER_OBJECT_CONVERSION = YES_AGGRESSIVE;
				CLANG_CXX_LANGUAGE_STANDARD = "gnu++14";
				CLANG_CXX_LIBRARY = "libc++";
				CLANG_ENABLE_MODULES = YES;
				CLANG_ENABLE_OBJC_ARC = YES;
				CLANG_ENABLE_OBJC_WEAK = YES;
				CLANG_WARN_BLOCK_CAPTURE_AUTORELEASING = YES;
				CLANG_WARN_BOOL_CONVERSION = YES;
				CLANG_WARN_COMMA = YES;
				CLANG_WARN_CONSTANT_CONVERSION = YES;
				CLANG_WARN_DEPRECATED_OBJC_IMPLEMENTATIONS = YES;
				CLANG_WARN_DIRECT_OBJC_ISA_USAGE = YES_ERROR;
				CLANG_WARN_DOCUMENTATION_COMMENTS = YES;
				CLANG_WARN_EMPTY_BODY = YES;
				CLANG_WARN_ENUM_CONVERSION = YES;
				CLANG_WARN_INFINITE_RECURSION = YES;
				CLANG_WARN_INT_CONVERSION = YES;
				CLANG_WARN_NON_LITERAL_NULL_CONVERSION = YES;
				CLANG_WARN_OBJC_IMPLICIT_RETAIN_SELF = YES;
				CLANG_WARN_OBJC_LITERAL_CONVERSION = YES;
				CLANG_WARN_OBJC_ROOT_CLASS = YES_ERROR;
				CLANG_WARN_QUOTED_INCLUDE_IN_FRAMEWORK_HEADER = YES;
				CLANG_WARN_RANGE_LOOP_ANALYSIS = YES;
				CLANG_WARN_STRICT_PROTOTYPES = YES;
				CLANG_WARN_SUSPICIOUS_MOVE = YES;
				CLANG_WARN_UNGUARDED_AVAILABILITY = YES_AGGRESSIVE;
				CLANG_WARN_UNREACHABLE_CODE = YES;
				CLANG_WARN__DUPLICATE_METHOD_MATCH = YES;
				COPY_PHASE_STRIP = NO;
				CURRENT_PROJECT_VERSION = 1;
				DEBUG_INFORMATION_FORMAT = "dwarf-with-dsym";
				ENABLE_NS_ASSERTIONS = NO;
				ENABLE_STRICT_OBJC_MSGSEND = YES;
				GCC_C_LANGUAGE_STANDARD = gnu11;
				GCC_NO_COMMON_BLOCKS = YES;
				GCC_WARN_64_TO_32_BIT_CONVERSION = YES;
				GCC_WARN_ABOUT_RETURN_TYPE = YES_ERROR;
				GCC_WARN_UNDECLARED_SELECTOR = YES;
				GCC_WARN_UNINITIALIZED_AUTOS = YES_AGGRESSIVE;
				GCC_WARN_UNUSED_FUNCTION = YES;
				GCC_WARN_UNUSED_VARIABLE = YES;
				MACOSX_DEPLOYMENT_TARGET = 14.0;
				MARKETING_VERSION = 1.0;
				MTL_ENABLE_DEBUG_INFO = NO;
				MTL_FAST_MATH = YES;
				PRODUCT_NAME = "$(TARGET_NAME)";
				SDKROOT = macosx;
				SWIFT_COMPILATION_MODE = wholemodule;
				SWIFT_OPTIMIZATION_LEVEL = "-O";
				SWIFT_VERSION = 5.0;
			};
			name = Release;
		};
		AAF2866D563A2DC2334CF346 /* Release */ = {
			isa = XCBuildConfiguration;
			baseConfigurationReference = B1F12E299B1C93E66E2E293C /* Signing.xcconfig */;
			buildSettings = {
				ASSETCATALOG_COMPILER_APPICON_NAME = "";
				COMBINE_HIDPI_IMAGES = YES;
				ENABLE_DEBUG_DYLIB = NO;
				ENABLE_HARDENED_RUNTIME = YES;
				ENABLE_USER_SCRIPT_SANDBOXING = NO;
				GENERATE_INFOPLIST_FILE = NO;
				INFOPLIST_FILE = Resources/Info.plist;
				LD_RUNPATH_SEARCH_PATHS = (
					"$(inherited)",
					"@executable_path/../Frameworks",
				);
				PRODUCT_BUNDLE_IDENTIFIER = com.tom.tomodoro;
				PRODUCT_NAME = Tomodoro;
				SDKROOT = macosx;
				SWIFT_STRICT_CONCURRENCY = minimal;
			};
			name = Release;
		};
		D579472E60FC24B1A8F45CF4 /* Debug */ = {
			isa = XCBuildConfiguration;
			buildSettings = {
				ALWAYS_SEARCH_USER_PATHS = NO;
				CLANG_ANALYZER_NONNULL = YES;
				CLANG_ANALYZER_NUMBER_OBJECT_CONVERSION = YES_AGGRESSIVE;
				CLANG_CXX_LANGUAGE_STANDARD = "gnu++14";
				CLANG_CXX_LIBRARY = "libc++";
				CLANG_ENABLE_MODULES = YES;
				CLANG_ENABLE_OBJC_ARC = YES;
				CLANG_ENABLE_OBJC_WEAK = YES;
				CLANG_WARN_BLOCK_CAPTURE_AUTORELEASING = YES;
				CLANG_WARN_BOOL_CONVERSION = YES;
				CLANG_WARN_COMMA = YES;
				CLANG_WARN_CONSTANT_CONVERSION = YES;
				CLANG_WARN_DEPRECATED_OBJC_IMPLEMENTATIONS = YES;
				CLANG_WARN_DIRECT_OBJC_ISA_USAGE = YES_ERROR;
				CLANG_WARN_DOCUMENTATION_COMMENTS = YES;
				CLANG_WARN_EMPTY_BODY = YES;
				CLANG_WARN_ENUM_CONVERSION = YES;
				CLANG_WARN_INFINITE_RECURSION = YES;
				CLANG_WARN_INT_CONVERSION = YES;
				CLANG_WARN_NON_LITERAL_NULL_CONVERSION = YES;
				CLANG_WARN_OBJC_IMPLICIT_RETAIN_SELF = YES;
				CLANG_WARN_OBJC_LITERAL_CONVERSION = YES;
				CLANG_WARN_OBJC_ROOT_CLASS = YES_ERROR;
				CLANG_WARN_QUOTED_INCLUDE_IN_FRAMEWORK_HEADER = YES;
				CLANG_WARN_RANGE_LOOP_ANALYSIS = YES;
				CLANG_WARN_STRICT_PROTOTYPES = YES;
				CLANG_WARN_SUSPICIOUS_MOVE = YES;
				CLANG_WARN_UNGUARDED_AVAILABILITY = YES_AGGRESSIVE;
				CLANG_WARN_UNREACHABLE_CODE = YES;
				CLANG_WARN__DUPLICATE_METHOD_MATCH = YES;
				COPY_PHASE_STRIP = NO;
				CURRENT_PROJECT_VERSION = 1;
				DEBUG_INFORMATION_FORMAT = dwarf;
				ENABLE_STRICT_OBJC_MSGSEND = YES;
				ENABLE_TESTABILITY = YES;
				GCC_C_LANGUAGE_STANDARD = gnu11;
				GCC_DYNAMIC_NO_PIC = NO;
				GCC_NO_COMMON_BLOCKS = YES;
				GCC_OPTIMIZATION_LEVEL = 0;
				GCC_PREPROCESSOR_DEFINITIONS = (
					"$(inherited)",
					"DEBUG=1",
				);
				GCC_WARN_64_TO_32_BIT_CONVERSION = YES;
				GCC_WARN_ABOUT_RETURN_TYPE = YES_ERROR;
				GCC_WARN_UNDECLARED_SELECTOR = YES;
				GCC_WARN_UNINITIALIZED_AUTOS = YES_AGGRESSIVE;
				GCC_WARN_UNUSED_FUNCTION = YES;
				GCC_WARN_UNUSED_VARIABLE = YES;
				MACOSX_DEPLOYMENT_TARGET = 14.0;
				MARKETING_VERSION = 1.0;
				MTL_ENABLE_DEBUG_INFO = INCLUDE_SOURCE;
				MTL_FAST_MATH = YES;
				ONLY_ACTIVE_ARCH = YES;
				PRODUCT_NAME = "$(TARGET_NAME)";
				SDKROOT = macosx;
				SWIFT_ACTIVE_COMPILATION_CONDITIONS = DEBUG;
				SWIFT_OPTIMIZATION_LEVEL = "-Onone";
				SWIFT_VERSION = 5.0;
			};
			name = Debug;
		};
		F126584213B4BC92B022C6AE /* Debug */ = {
			isa = XCBuildConfiguration;
			baseConfigurationReference = B1F12E299B1C93E66E2E293C /* Signing.xcconfig */;
			buildSettings = {
				ASSETCATALOG_COMPILER_APPICON_NAME = "";
				COMBINE_HIDPI_IMAGES = YES;
				ENABLE_DEBUG_DYLIB = NO;
				ENABLE_HARDENED_RUNTIME = YES;
				ENABLE_USER_SCRIPT_SANDBOXING = NO;
				GENERATE_INFOPLIST_FILE = NO;
				INFOPLIST_FILE = Resources/Info.plist;
				LD_RUNPATH_SEARCH_PATHS = (
					"$(inherited)",
					"@executable_path/../Frameworks",
				);
				PRODUCT_BUNDLE_IDENTIFIER = com.tom.tomodoro;
				PRODUCT_NAME = Tomodoro;
				SDKROOT = macosx;
				SWIFT_STRICT_CONCURRENCY = minimal;
			};
			name = Debug;
		};
		F852AF8E3D76EC476F86C2A4 /* Debug */ = {
			isa = XCBuildConfiguration;
			buildSettings = {
				BUNDLE_LOADER = "$(TEST_HOST)";
				COMBINE_HIDPI_IMAGES = YES;
				GENERATE_INFOPLIST_FILE = YES;
				LD_RUNPATH_SEARCH_PATHS = (
					"$(inherited)",
					"@executable_path/../Frameworks",
					"@loader_path/../Frameworks",
				);
				PRODUCT_BUNDLE_IDENTIFIER = com.tom.tomodoro.tests;
				SDKROOT = macosx;
				SWIFT_STRICT_CONCURRENCY = minimal;
			};
			name = Debug;
		};
/* End XCBuildConfiguration section */

/* Begin XCConfigurationList section */
		69DD8B62F611D5AD167BAA92 /* Build configuration list for PBXProject "Tomodoro" */ = {
			isa = XCConfigurationList;
			buildConfigurations = (
				D579472E60FC24B1A8F45CF4 /* Debug */,
				39F9662B492F254E3459E3AC /* Release */,
			);
			defaultConfigurationIsVisible = 0;
			defaultConfigurationName = Debug;
		};
		8E10B915242CD374C6DC1A8C /* Build configuration list for PBXNativeTarget "Tomodoro" */ = {
			isa = XCConfigurationList;
			buildConfigurations = (
				F126584213B4BC92B022C6AE /* Debug */,
				AAF2866D563A2DC2334CF346 /* Release */,
			);
			defaultConfigurationIsVisible = 0;
			defaultConfigurationName = Debug;
		};
		CA16E3A83A587E1BF84E8871 /* Build configuration list for PBXNativeTarget "TomodoroTests" */ = {
			isa = XCConfigurationList;
			buildConfigurations = (
				F852AF8E3D76EC476F86C2A4 /* Debug */,
				1382CBF4A2796BE2C2E929C7 /* Release */,
			);
			defaultConfigurationIsVisible = 0;
			defaultConfigurationName = Debug;
		};
/* End XCConfigurationList section */
	};
	rootObject = 899764D2EDC04B69B94CFBE9 /* Project object */;
}
